{
  "nodes": {
    "aerial.nvim": {
      "flake": false,
      "locked": {
        "lastModified": 1700864529,
        "narHash": "sha256-rdViCf8AVsrhUHuumazWnAbZ44o2UzOrfC1ByOm5I9c=",
        "owner": "stevearc",
        "repo": "aerial.nvim",
        "rev": "88764566f96bf900a64b3dcd6d178cfb69b1c8ce",
        "type": "github"
      },
      "original": {
        "owner": "stevearc",
        "repo": "aerial.nvim",
        "type": "github"
      }
    },
    "bufferline.nvim": {
      "flake": false,
      "locked": {
        "lastModified": 1695205521,
        "narHash": "sha256-MQMpXMgUpZA0E9TunzjXeOQxDWSCTogXbvi9VJnv4Kw=",
        "owner": "akinsho",
        "repo": "bufferline.nvim",
        "rev": "6ecd37e0fa8b156099daedd2191130e083fb1490",
        "type": "github"
      },
      "original": {
        "owner": "akinsho",
        "ref": "v4.4.0",
        "repo": "bufferline.nvim",
        "type": "github"
      }
    },
    "cmp-buffer": {
      "flake": false,
      "locked": {
        "lastModified": 1660101488,
        "narHash": "sha256-dG4U7MtnXThoa/PD+qFtCt76MQ14V1wX8GMYcvxEnbM=",
        "owner": "hrsh7th",
        "repo": "cmp-buffer",
        "rev": "3022dbc9166796b644a841a02de8dd1cc1d311fa",
        "type": "github"
      },
      "original": {
        "owner": "hrsh7th",
        "repo": "cmp-buffer",
        "type": "github"
      }
    },
    "cmp-nvim-lsp": {
      "flake": false,
      "locked": {
        "lastModified": 1687494203,
        "narHash": "sha256-mU0soCz79erJXMMqD/FyrJZ0mu2n6fE0deymPzQlxts=",
        "owner": "hrsh7th",
        "repo": "cmp-nvim-lsp",
        "rev": "44b16d11215dce86f253ce0c30949813c0a90765",
        "type": "github"
      },
      "original": {
        "owner": "hrsh7th",
        "repo": "cmp-nvim-lsp",
        "type": "github"
      }
    },
    "cmp-nvim-lsp-document-symbol": {
      "flake": false,
      "locked": {
        "lastModified": 1680363634,
        "narHash": "sha256-kvy0Q/QA3S4xDqmRLCePmLHYmH7uG19rcgPPKdail/0=",
        "owner": "hrsh7th",
        "repo": "cmp-nvim-lsp-document-symbol",
        "rev": "f0f53f704c08ea501f9d222b23491b0d354644b0",
        "type": "github"
      },
      "original": {
        "owner": "hrsh7th",
        "repo": "cmp-nvim-lsp-document-symbol",
        "type": "github"
      }
    },
    "cmp-nvim-lsp-signature-help": {
      "flake": false,
      "locked": {
        "lastModified": 1675422985,
        "narHash": "sha256-yDxYvjTIeXIKYR3tg+bf+okXKr5JYc/I9obP+6uKey4=",
        "owner": "hrsh7th",
        "repo": "cmp-nvim-lsp-signature-help",
        "rev": "3d8912ebeb56e5ae08ef0906e3a54de1c66b92f1",
        "type": "github"
      },
      "original": {
        "owner": "hrsh7th",
        "repo": "cmp-nvim-lsp-signature-help",
        "type": "github"
      }
    },
    "cmp-vsnip": {
      "flake": false,
      "locked": {
        "lastModified": 1669100283,
        "narHash": "sha256-2mkN03noOr5vBvRbSb35xZKorSH+8savQNZtgM9+QcM=",
        "owner": "hrsh7th",
        "repo": "cmp-vsnip",
        "rev": "989a8a73c44e926199bfd05fa7a516d51f2d2752",
        "type": "github"
      },
      "original": {
        "owner": "hrsh7th",
        "repo": "cmp-vsnip",
        "type": "github"
      }
    },
    "conform.nvim": {
      "flake": false,
      "locked": {
        "lastModified": 1697061489,
        "narHash": "sha256-nVrXcShnwKP8RFd/qGLO4fIdg029yZaOMbP4Vcuwq2o=",
        "owner": "folke",
        "repo": "conform.nvim",
        "rev": "4db76a68b47aa6e9777e4da4aed16f0fff74920e",
        "type": "github"
      },
      "original": {
        "owner": "folke",
        "repo": "conform.nvim",
        "type": "github"
      }
    },
    "copilot-cmp": {
      "flake": false,
      "locked": {
        "lastModified": 1694286652,
        "narHash": "sha256-srgNohm/aJpswNJ5+T7p+zi9Jinp9e5FA8/wdk6VRiY=",
        "owner": "zbirenbaum",
        "repo": "copilot-cmp",
        "rev": "72fbaa03695779f8349be3ac54fa8bd77eed3ee3",
        "type": "github"
      },
      "original": {
        "owner": "zbirenbaum",
        "repo": "copilot-cmp",
        "type": "github"
      }
    },
    "copilot.lua": {
      "flake": false,
      "locked": {
        "lastModified": 1699122523,
        "narHash": "sha256-z19D6CybF2TkpOreOqUFTT2uyX8yRt13b/4JNrWEL5U=",
        "owner": "zbirenbaum",
        "repo": "copilot.lua",
        "rev": "73047082d72fcfdde1f73b7f17ad495cffcbafaa",
        "type": "github"
      },
      "original": {
        "owner": "zbirenbaum",
        "repo": "copilot.lua",
        "type": "github"
      }
    },
    "fenix": {
      "inputs": {
        "nixpkgs": [
          "nixpkgs"
        ],
        "rust-analyzer-src": "rust-analyzer-src"
      },
      "locked": {
        "lastModified": 1700979662,
        "narHash": "sha256-AlS2tefQT6fBxWGKKkQNXh1HAyzlwBQ8P6AUMmI1mxw=",
        "owner": "nix-community",
        "repo": "fenix",
        "rev": "6f824c3d294716db51fbf8d555af8b9514cdbec4",
        "type": "github"
      },
      "original": {
        "owner": "nix-community",
        "repo": "fenix",
        "type": "github"
      }
    },
    "flake-compat": {
      "flake": false,
      "locked": {
        "lastModified": 1696426674,
        "narHash": "sha256-kvjfFW7WAETZlt09AgDn1MrtKzP7t90Vf7vypd3OL1U=",
        "owner": "edolstra",
        "repo": "flake-compat",
        "rev": "0f9255e01c2351cc7d116c072cb317785dd33b33",
        "type": "github"
      },
      "original": {
        "owner": "edolstra",
        "repo": "flake-compat",
        "type": "github"
      }
    },
    "flake-parts": {
      "inputs": {
        "nixpkgs-lib": "nixpkgs-lib"
      },
      "locked": {
        "lastModified": 1698882062,
        "narHash": "sha256-HkhafUayIqxXyHH1X8d9RDl1M2CkFgZLjKD3MzabiEo=",
        "owner": "hercules-ci",
        "repo": "flake-parts",
        "rev": "8c9fa2545007b49a5db5f650ae91f227672c3877",
        "type": "github"
      },
      "original": {
        "owner": "hercules-ci",
        "repo": "flake-parts",
        "type": "github"
      }
    },
    "flake-parts_2": {
      "inputs": {
        "nixpkgs-lib": [
          "neovim-nightly-overlay",
          "hercules-ci-effects",
          "nixpkgs"
        ]
      },
      "locked": {
        "lastModified": 1696343447,
        "narHash": "sha256-B2xAZKLkkeRFG5XcHHSXXcP7To9Xzr59KXeZiRf4vdQ=",
        "owner": "hercules-ci",
        "repo": "flake-parts",
        "rev": "c9afaba3dfa4085dbd2ccb38dfade5141e33d9d4",
        "type": "github"
      },
      "original": {
        "id": "flake-parts",
        "type": "indirect"
      }
    },
    "flake-parts_3": {
      "inputs": {
        "nixpkgs-lib": "nixpkgs-lib_2"
      },
      "locked": {
        "lastModified": 1685662779,
        "narHash": "sha256-cKDDciXGpMEjP1n6HlzKinN0H+oLmNpgeCTzYnsA2po=",
        "owner": "hercules-ci",
        "repo": "flake-parts",
        "rev": "71fb97f0d875fd4de4994dfb849f2c75e17eb6c3",
        "type": "github"
      },
      "original": {
        "owner": "hercules-ci",
        "repo": "flake-parts",
        "type": "github"
      }
    },
    "flake-utils": {
      "inputs": {
        "systems": "systems"
      },
      "locked": {
        "lastModified": 1685518550,
        "narHash": "sha256-o2d0KcvaXzTrPRIo0kOLV0/QXHhDQ5DTi+OxcjO8xqY=",
        "owner": "numtide",
        "repo": "flake-utils",
        "rev": "a1720a10a6cfe8234c0e93907ffe81be440f4cef",
        "type": "github"
      },
      "original": {
        "owner": "numtide",
        "repo": "flake-utils",
        "type": "github"
      }
    },
    "flash.nvim": {
      "flake": false,
      "locked": {
        "lastModified": 1697529873,
        "narHash": "sha256-j917u46PaOG6RmsKKoUQHuBMfXfGDD/uOBzDGhKlwTE=",
        "owner": "folke",
        "repo": "flash.nvim",
        "rev": "48817af25f51c0590653bbc290866e4890fe1cbe",
        "type": "github"
      },
      "original": {
        "owner": "folke",
        "repo": "flash.nvim",
        "type": "github"
      }
    },
    "hercules-ci-effects": {
      "inputs": {
        "flake-parts": "flake-parts_2",
        "nixpkgs": [
          "neovim-nightly-overlay",
          "nixpkgs"
        ]
      },
      "locked": {
        "lastModified": 1699381651,
        "narHash": "sha256-mZlQ54xJs3j5+SJrLhzePPMXzS+Czbx7gNyOnOAQrHA=",
        "owner": "hercules-ci",
        "repo": "hercules-ci-effects",
        "rev": "0bd99f5ab7ec7a74c11238bd02bb29e709c14328",
        "type": "github"
      },
      "original": {
        "owner": "hercules-ci",
        "repo": "hercules-ci-effects",
        "type": "github"
      }
    },
    "hydra.nvim": {
      "flake": false,
      "locked": {
        "lastModified": 1675678260,
        "narHash": "sha256-MBlC7qQMVNNfOFcvTnw1DREOS9QWoI4zsyu3QYqIkLc=",
        "owner": "anuvyklack",
        "repo": "hydra.nvim",
        "rev": "3ced42c0b6a6c85583ff0f221635a7f4c1ab0dd0",
        "type": "github"
      },
      "original": {
        "owner": "anuvyklack",
        "repo": "hydra.nvim",
        "type": "github"
      }
    },
    "lazy.nvim": {
      "flake": false,
      "locked": {
        "lastModified": 1699092727,
        "narHash": "sha256-adBcg8iSSO5eRLuZJnmU6m7IiRJXjoMDzN6yH2JrQIc=",
        "owner": "folke",
        "repo": "lazy.nvim",
        "rev": "96584866b9c5e998cbae300594d0ccfd0c464627",
        "type": "github"
      },
      "original": {
        "owner": "folke",
        "repo": "lazy.nvim",
        "type": "github"
      }
    },
    "neo-tree.nvim": {
      "flake": false,
      "locked": {
        "lastModified": 1700340801,
        "narHash": "sha256-NR3A7vfrkRNg2qd3nJjSQHgZHLdqfWbjagguaeAHqo4=",
        "owner": "nvim-neo-tree",
        "repo": "neo-tree.nvim",
        "rev": "230ff118613fa07138ba579b89d13ec2201530b9",
        "type": "github"
      },
      "original": {
        "owner": "nvim-neo-tree",
        "repo": "neo-tree.nvim",
        "type": "github"
      }
    },
    "neoscroll.nvim": {
      "flake": false,
      "locked": {
        "lastModified": 1699653006,
        "narHash": "sha256-1IvaqX3oCJ2XPphSjL+As0futYe7DeDOFmUNBuvMlU4=",
        "owner": "karb94",
        "repo": "neoscroll.nvim",
        "rev": "e85740d1a54ab0f10127b08c67a291053bc3acfa",
        "type": "github"
      },
      "original": {
        "owner": "karb94",
        "repo": "neoscroll.nvim",
        "type": "github"
      }
    },
    "neovim-flake": {
      "inputs": {
        "flake-utils": "flake-utils",
        "nixpkgs": [
          "neovim-nightly-overlay",
          "nixpkgs"
        ]
      },
      "locked": {
        "dir": "contrib",
        "lastModified": 1700415469,
        "narHash": "sha256-uRdcRPnOkaL/rk3c/u2zUV6hPDoaplWAbJ6ajlhHdaw=",
        "owner": "neovim",
        "repo": "neovim",
        "rev": "7ca2d64e8bbfb73f33cf82a2f9c03808bfea3d95",
        "type": "github"
      },
      "original": {
        "dir": "contrib",
        "owner": "neovim",
        "repo": "neovim",
        "type": "github"
      }
    },
    "neovim-nightly-overlay": {
      "inputs": {
        "flake-compat": "flake-compat",
        "flake-parts": [
          "flake-parts"
        ],
        "hercules-ci-effects": "hercules-ci-effects",
        "neovim-flake": "neovim-flake",
        "nixpkgs": [
          "nixpkgs"
        ]
      },
      "locked": {
        "lastModified": 1700438595,
        "narHash": "sha256-3Kr57JalUnLCJ4EpencaE+Dh7orKF7VBcU/YyrjSWYM=",
        "owner": "nix-community",
        "repo": "neovim-nightly-overlay",
        "rev": "d811ebe5a826ccdc0c27f89b1e41314828d652aa",
        "type": "github"
      },
      "original": {
        "owner": "nix-community",
        "repo": "neovim-nightly-overlay",
        "type": "github"
      }
    },
    "nixd": {
      "inputs": {
        "flake-parts": "flake-parts_3",
        "nixpkgs": [
          "nixpkgs"
        ]
      },
      "locked": {
        "lastModified": 1699966122,
        "narHash": "sha256-zEN3ET7jfXpIKYeYh/z4xekOBOoaFS+n0q3oL3sVh+0=",
        "owner": "nix-community",
        "repo": "nixd",
        "rev": "b3bb9ea7cd3c2f07c89779a474d6468b2c11e303",
        "type": "github"
      },
      "original": {
        "owner": "nix-community",
        "repo": "nixd",
        "type": "github"
      }
    },
    "nixpkgs": {
      "locked": {
        "lastModified": 1700538105,
        "narHash": "sha256-uZhOCmwv8VupEmPZm3erbr9XXmyg7K67Ul3+Rx2XMe0=",
        "owner": "nixos",
        "repo": "nixpkgs",
        "rev": "51a01a7e5515b469886c120e38db325c96694c2f",
        "type": "github"
      },
      "original": {
        "owner": "nixos",
        "ref": "nixpkgs-unstable",
        "repo": "nixpkgs",
        "type": "github"
      }
    },
    "nixpkgs-lib": {
      "locked": {
        "dir": "lib",
        "lastModified": 1698611440,
        "narHash": "sha256-jPjHjrerhYDy3q9+s5EAsuhyhuknNfowY6yt6pjn9pc=",
        "owner": "NixOS",
        "repo": "nixpkgs",
        "rev": "0cbe9f69c234a7700596e943bfae7ef27a31b735",
        "type": "github"
      },
      "original": {
        "dir": "lib",
        "owner": "NixOS",
        "ref": "nixos-unstable",
        "repo": "nixpkgs",
        "type": "github"
      }
    },
    "nixpkgs-lib_2": {
      "locked": {
        "dir": "lib",
        "lastModified": 1685564631,
        "narHash": "sha256-8ywr3AkblY4++3lIVxmrWZFzac7+f32ZEhH/A8pNscI=",
        "owner": "NixOS",
        "repo": "nixpkgs",
        "rev": "4f53efe34b3a8877ac923b9350c874e3dcd5dc0a",
        "type": "github"
      },
      "original": {
        "dir": "lib",
        "owner": "NixOS",
        "ref": "nixos-unstable",
        "repo": "nixpkgs",
        "type": "github"
      }
    },
    "noice.nvim": {
      "flake": false,
      "locked": {
        "lastModified": 1698229631,
        "narHash": "sha256-7lgJK5pkMqwIXNeBDsz4B8UAKnkpUvDrHdeG/aSFRzM=",
        "owner": "folke",
        "repo": "noice.nvim",
        "rev": "92433164e2f7118d4122c7674c3834d9511722ba",
        "type": "github"
      },
      "original": {
        "owner": "folke",
        "repo": "noice.nvim",
        "type": "github"
      }
    },
    "nui.nvim": {
      "flake": false,
      "locked": {
        "lastModified": 1700861764,
        "narHash": "sha256-LyxOxtuS+++G9n6kW5DPMk4CDYKffNVpjjgCUn0CxLM=",
        "owner": "MunifTanjim",
        "repo": "nui.nvim",
        "rev": "401a7c65bfd6433e1b0b48d2c246e2621fc44387",
        "type": "github"
      },
      "original": {
        "owner": "MunifTanjim",
        "repo": "nui.nvim",
        "type": "github"
      }
    },
    "nvim-cmp": {
      "flake": false,
      "locked": {
        "lastModified": 1699261102,
        "narHash": "sha256-auUHEjUDOaDkMI9loN6T+/whDDNzPl04bf+nqqLQ5+I=",
        "owner": "hrsh7th",
        "repo": "nvim-cmp",
        "rev": "0b751f6beef40fd47375eaf53d3057e0bfa317e4",
        "type": "github"
      },
      "original": {
        "owner": "hrsh7th",
        "repo": "nvim-cmp",
        "type": "github"
      }
    },
    "nvim-lspconfig": {
      "flake": false,
      "locked": {
        "lastModified": 1700655312,
        "narHash": "sha256-1Q2RHwYQ+KoDZIHJX4orZCrNOpyqRg9HEtIHr7McoEo=",
        "owner": "neovim",
        "repo": "nvim-lspconfig",
        "rev": "553c4e0e667167640c5398573f6f3a488ff8047a",
        "type": "github"
      },
      "original": {
        "owner": "neovim",
        "repo": "nvim-lspconfig",
        "type": "github"
      }
    },
    "nvim-notify": {
      "flake": false,
      "locked": {
        "lastModified": 1695930572,
        "narHash": "sha256-1tWvzE4x1lgldg6vAHCQy9XDMcxJ6G9bZPSG1pEn+qg=",
        "owner": "rcarriga",
        "repo": "nvim-notify",
        "rev": "e4a2022f4fec2d5ebc79afa612f96d8b11c627b3",
        "type": "github"
      },
      "original": {
        "owner": "rcarriga",
        "repo": "nvim-notify",
        "type": "github"
      }
    },
    "nvim-treesitter-context": {
      "flake": false,
      "locked": {
        "lastModified": 1700559211,
        "narHash": "sha256-XvGksamaUKBuBnbWRbpzqkZRceLf8i6XI6OLyLOv9Sg=",
        "owner": "nvim-treesitter",
        "repo": "nvim-treesitter-context",
        "rev": "bf4d15ee4e96ff5201f16a4ed14443670662eb90",
        "type": "github"
      },
      "original": {
        "owner": "nvim-treesitter",
        "repo": "nvim-treesitter-context",
        "type": "github"
      }
    },
    "nvim-web-devicons": {
      "flake": false,
      "locked": {
        "lastModified": 1700475945,
        "narHash": "sha256-Cdm607PAFuJ5hfgnVO9wT3UP19h+Cnzkl4yV8r5YfaE=",
        "owner": "nvim-tree",
        "repo": "nvim-web-devicons",
        "rev": "cdbcca210cf3655aa9b31ebf2422763ecd85ee5c",
        "type": "github"
      },
      "original": {
        "owner": "nvim-tree",
        "repo": "nvim-web-devicons",
        "type": "github"
      }
    },
    "peek.nvim": {
      "flake": false,
      "locked": {
        "lastModified": 1699334073,
        "narHash": "sha256-NO5eiD3WcSs/D+LisCt+KYfo9WNIZSd+JZuREcARyBE=",
        "owner": "toppair",
        "repo": "peek.nvim",
        "rev": "4163a48f190d2b2d94840be3eb38b4af83961ebe",
        "type": "github"
      },
      "original": {
        "owner": "toppair",
        "repo": "peek.nvim",
        "type": "github"
      }
    },
    "persistence.nvim": {
      "flake": false,
      "locked": {
        "lastModified": 1697398923,
        "narHash": "sha256-wIsWL9JOxp+6VW0L9TolaPcUcMDSjtt271Df00VfJyA=",
        "owner": "folke",
        "repo": "persistence.nvim",
        "rev": "ad538bfd5336f1335cdb6fd4e0b0eebfa6e12f32",
        "type": "github"
      },
      "original": {
        "owner": "folke",
        "repo": "persistence.nvim",
        "type": "github"
      }
    },
    "plenary.nvim": {
      "flake": false,
      "locked": {
        "lastModified": 1700900336,
        "narHash": "sha256-HJCVGYXCgUePhXuC2n85YP/i4KEKCpJl59h/gENQX6I=",
        "owner": "nvim-lua",
        "repo": "plenary.nvim",
        "rev": "366b0837486f60ae0e7550c15de8ff66d057c4cd",
        "type": "github"
      },
      "original": {
        "owner": "nvim-lua",
        "repo": "plenary.nvim",
        "type": "github"
      }
    },
    "root": {
      "inputs": {
        "aerial.nvim": "aerial.nvim",
        "bufferline.nvim": "bufferline.nvim",
        "cmp-buffer": "cmp-buffer",
        "cmp-nvim-lsp": "cmp-nvim-lsp",
        "cmp-nvim-lsp-document-symbol": "cmp-nvim-lsp-document-symbol",
        "cmp-nvim-lsp-signature-help": "cmp-nvim-lsp-signature-help",
        "cmp-vsnip": "cmp-vsnip",
        "conform.nvim": "conform.nvim",
        "copilot-cmp": "copilot-cmp",
        "copilot.lua": "copilot.lua",
        "fenix": "fenix",
        "flake-parts": "flake-parts",
        "flash.nvim": "flash.nvim",
        "hydra.nvim": "hydra.nvim",
        "lazy.nvim": "lazy.nvim",
        "neo-tree.nvim": "neo-tree.nvim",
        "neoscroll.nvim": "neoscroll.nvim",
        "neovim-nightly-overlay": "neovim-nightly-overlay",
        "nixd": "nixd",
        "nixpkgs": "nixpkgs",
        "noice.nvim": "noice.nvim",
        "nui.nvim": "nui.nvim",
        "nvim-cmp": "nvim-cmp",
        "nvim-lspconfig": "nvim-lspconfig",
        "nvim-notify": "nvim-notify",
        "nvim-treesitter-context": "nvim-treesitter-context",
        "nvim-web-devicons": "nvim-web-devicons",
        "peek.nvim": "peek.nvim",
        "persistence.nvim": "persistence.nvim",
        "plenary.nvim": "plenary.nvim",
        "rust-tools.nvim": "rust-tools.nvim",
        "substitute.nvim": "substitute.nvim",
        "telescope.nvim": "telescope.nvim",
        "todo-comments.nvim": "todo-comments.nvim",
        "tokyonight.nvim": "tokyonight.nvim",
        "vim-vsnip": "vim-vsnip",
        "yanky.nvim": "yanky.nvim"
      }
    },
    "rust-analyzer-src": {
      "flake": false,
      "locked": {
        "lastModified": 1700937652,
        "narHash": "sha256-sHczfsDUYH1CXPqNztnWH0gFo7xU0AuqQD96qSVC2HI=",
        "owner": "rust-lang",
        "repo": "rust-analyzer",
        "rev": "79ec2c584b990a533f7fde685a51d45d2a896103",
        "type": "github"
      },
      "original": {
        "owner": "rust-lang",
        "ref": "nightly",
        "repo": "rust-analyzer",
        "type": "github"
      }
    },
    "rust-tools.nvim": {
      "flake": false,
      "locked": {
        "lastModified": 1689033186,
        "narHash": "sha256-jtfyDxifchznUupLSao6nmpVqaX1yO0xN+NhqS9fgxg=",
        "owner": "simrat39",
        "repo": "rust-tools.nvim",
        "rev": "0cc8adab23117783a0292a0c8a2fbed1005dc645",
        "type": "github"
      },
      "original": {
        "owner": "simrat39",
        "repo": "rust-tools.nvim",
        "type": "github"
      }
    },
    "substitute.nvim": {
      "flake": false,
      "locked": {
        "lastModified": 1700202535,
        "narHash": "sha256-gR2WaBnqTSeBxMuUTjii+BOI0T8+C+poAofk17/Jxkk=",
        "owner": "gbprod",
        "repo": "substitute.nvim",
        "rev": "17ffaeb5a1dc2dbef39cf0865d8a4b6000836714",
        "type": "github"
      },
      "original": {
        "owner": "gbprod",
        "repo": "substitute.nvim",
        "type": "github"
      }
    },
    "systems": {
      "locked": {
        "lastModified": 1681028828,
        "narHash": "sha256-Vy1rq5AaRuLzOxct8nz4T6wlgyUR7zLU309k9mBC768=",
        "owner": "nix-systems",
        "repo": "default",
        "rev": "da67096a3b9bf56a91d16901293e51ba5b49a27e",
        "type": "github"
      },
      "original": {
        "owner": "nix-systems",
        "repo": "default",
        "type": "github"
      }
    },
    "telescope.nvim": {
      "flake": false,
      "locked": {
        "lastModified": 1696261894,
        "narHash": "sha256-qft0y9XXl/AW9ZNonaOJpJrlq0Fy/C0ZAIhvas9GEAI=",
        "owner": "folke",
        "repo": "telescope.nvim",
        "rev": "8c69f58427f98b2ca39a90a36db830c06e30351c",
        "type": "github"
      },
      "original": {
        "owner": "folke",
        "repo": "telescope.nvim",
        "type": "github"
      }
    },
    "todo-comments.nvim": {
      "flake": false,
      "locked": {
        "lastModified": 1698270703,
        "narHash": "sha256-Z041A05I2zESNV+aSghtnijEUeDqPjLQxiOcCVVOwfE=",
        "owner": "folke",
        "repo": "todo-comments.nvim",
        "rev": "4a6737a8d70fe1ac55c64dfa47fcb189ca431872",
        "type": "github"
      },
      "original": {
        "owner": "folke",
        "repo": "todo-comments.nvim",
        "type": "github"
      }
    },
    "tokyonight.nvim": {
      "flake": false,
      "locked": {
        "lastModified": 1698229236,
        "narHash": "sha256-axjZVZOI+WIv85FfMG+lxftDKlDIw/HzQKyJVFkL33M=",
        "owner": "folke",
        "repo": "tokyonight.nvim",
        "rev": "f247ee700b569ed43f39320413a13ba9b0aef0db",
        "type": "github"
      },
      "original": {
        "owner": "folke",
        "repo": "tokyonight.nvim",
        "type": "github"
      }
    },
    "vim-vsnip": {
      "flake": false,
      "locked": {
        "lastModified": 1699776303,
        "narHash": "sha256-r5XxpKJ2vj6IG/y7RIRXasaT1j+XLuq3Il07HadsSoE=",
        "owner": "hrsh7th",
        "repo": "vim-vsnip",
        "rev": "8eebdf6ab4a880d845893f210fd20516d2e2384f",
        "type": "github"
      },
      "original": {
        "owner": "hrsh7th",
        "repo": "vim-vsnip",
        "type": "github"
      }
    },
    "yanky.nvim": {
      "flake": false,
      "locked": {
        "lastModified": 1700812435,
        "narHash": "sha256-iH547TB13jmbT5Byy9XBLhuYtRVs5fwnRn7u5bMQY38=",
        "owner": "gbprod",
        "repo": "yanky.nvim",
        "rev": "5ba331de8a8d18e1ec345d26e865bc3a0db2e8be",
        "type": "github"
      },
      "original": {
        "owner": "gbprod",
        "repo": "yanky.nvim",
        "type": "github"
      }
    }
  },
  "root": "root",
  "version": 7
}
